PODS:
  - Alamofire (4.9.1)
  - MBProgressHUD (0.9.2)
  - Nuke (9.5.0)
  - Realm (10.9.0):
    - Realm/Headers (= 10.9.0)
  - Realm/Headers (10.9.0)
  - RealmSwift (10.9.0):
    - Realm (= 10.9.0)

DEPENDENCIES:
  - Alamofire (= 4.9.1)
  - MBProgressHUD (= 0.9.2)
  - Nuke
  - RealmSwift

SPEC REPOS:
  trunk:
    - Alamofire
    - MBProgressHUD
    - Nuke
    - Realm
    - RealmSwift

SPEC CHECKSUMS:
  Alamofire: 85e8a02c69d6020a0d734f6054870d7ecb75cf18
  MBProgressHUD: 1569cf7ace17a8bac47aabfbb8580a49690386d1
  Nuke: 6f400a4ea957e09149ec335a3c6acdcc814d89e4
  Realm: 9feef41ab8230ed706c4dc503fc292594915bf9a
  RealmSwift: 91246183b772e0ea1bf777116c4b8d9939f983b3

PODFILE CHECKSUM: 44bdb301cd6261d162d33b7126ffe7b16a9e6b55

COCOAPODS: 1.10.1
