// !$*UTF8*$!
{
	archiveVersion = 1;
	classes = {
	};
	objectVersion = 55;
	objects = {

/* Begin PBXBuildFile section */
		787D45ED90B900EF24BDF83F /* Pods_CodeTestWeather_CodeTestWeatherUITests.framework in Frameworks */ = {isa = PBXBuildFile; fileRef = 6E8C82B2E9CA017F789585B3 /* Pods_CodeTestWeather_CodeTestWeatherUITests.framework */; };
		9CB77FDC26A2905A00B1A602 /* AppDelegate.swift in Sources */ = {isa = PBXBuildFile; fileRef = 9CB77FDB26A2905A00B1A602 /* AppDelegate.swift */; };
		9CB77FDE26A2905A00B1A602 /* SceneDelegate.swift in Sources */ = {isa = PBXBuildFile; fileRef = 9CB77FDD26A2905A00B1A602 /* SceneDelegate.swift */; };
		9CB77FE326A2905A00B1A602 /* Main.storyboard in Resources */ = {isa = PBXBuildFile; fileRef = 9CB77FE126A2905A00B1A602 /* Main.storyboard */; };
		9CB77FE526A2905B00B1A602 /* Assets.xcassets in Resources */ = {isa = PBXBuildFile; fileRef = 9CB77FE426A2905B00B1A602 /* Assets.xcassets */; };
		9CB77FE826A2905B00B1A602 /* LaunchScreen.storyboard in Resources */ = {isa = PBXBuildFile; fileRef = 9CB77FE626A2905B00B1A602 /* LaunchScreen.storyboard */; };
		9CB77FF326A2905B00B1A602 /* CodeTestWeatherTests.swift in Sources */ = {isa = PBXBuildFile; fileRef = 9CB77FF226A2905B00B1A602 /* CodeTestWeatherTests.swift */; };
		9CB77FFD26A2905B00B1A602 /* CodeTestWeatherUITests.swift in Sources */ = {isa = PBXBuildFile; fileRef = 9CB77FFC26A2905B00B1A602 /* CodeTestWeatherUITests.swift */; };
		9CB7800B26A2917300B1A602 /* SearchViewController.swift in Sources */ = {isa = PBXBuildFile; fileRef = 9CB7800A26A2917300B1A602 /* SearchViewController.swift */; };
		9CB7800C26A2917300B1A602 /* SearchViewController.swift in Sources */ = {isa = PBXBuildFile; fileRef = 9CB7800A26A2917300B1A602 /* SearchViewController.swift */; };
		9CB7800D26A2917300B1A602 /* SearchViewController.swift in Sources */ = {isa = PBXBuildFile; fileRef = 9CB7800A26A2917300B1A602 /* SearchViewController.swift */; };
		9CB7801026A2955400B1A602 /* SearchViewModel.swift in Sources */ = {isa = PBXBuildFile; fileRef = 9CB7800F26A2955400B1A602 /* SearchViewModel.swift */; };
		9CB7801126A2955400B1A602 /* SearchViewModel.swift in Sources */ = {isa = PBXBuildFile; fileRef = 9CB7800F26A2955400B1A602 /* SearchViewModel.swift */; };
		9CB7801226A2955400B1A602 /* SearchViewModel.swift in Sources */ = {isa = PBXBuildFile; fileRef = 9CB7800F26A2955400B1A602 /* SearchViewModel.swift */; };
		9CB7801626A296C400B1A602 /* Constants.swift in Sources */ = {isa = PBXBuildFile; fileRef = 9CB7801526A296C400B1A602 /* Constants.swift */; };
		9CB7801726A296C400B1A602 /* Constants.swift in Sources */ = {isa = PBXBuildFile; fileRef = 9CB7801526A296C400B1A602 /* Constants.swift */; };
		9CB7801826A296C400B1A602 /* Constants.swift in Sources */ = {isa = PBXBuildFile; fileRef = 9CB7801526A296C400B1A602 /* Constants.swift */; };
		9CB7801F26A2B99700B1A602 /* DetailViewController.swift in Sources */ = {isa = PBXBuildFile; fileRef = 9CB7801E26A2B99700B1A602 /* DetailViewController.swift */; };
		9CB7802026A2B99700B1A602 /* DetailViewController.swift in Sources */ = {isa = PBXBuildFile; fileRef = 9CB7801E26A2B99700B1A602 /* DetailViewController.swift */; };
		9CB7802126A2B99700B1A602 /* DetailViewController.swift in Sources */ = {isa = PBXBuildFile; fileRef = 9CB7801E26A2B99700B1A602 /* DetailViewController.swift */; };
		9CCC694C26A3FA230063171E /* DataBaseManager.swift in Sources */ = {isa = PBXBuildFile; fileRef = 9CCC694B26A3FA230063171E /* DataBaseManager.swift */; };
		9CCC694D26A3FA230063171E /* DataBaseManager.swift in Sources */ = {isa = PBXBuildFile; fileRef = 9CCC694B26A3FA230063171E /* DataBaseManager.swift */; };
		9CCC694E26A3FA230063171E /* DataBaseManager.swift in Sources */ = {isa = PBXBuildFile; fileRef = 9CCC694B26A3FA230063171E /* DataBaseManager.swift */; };
		9CEAC28F26A56DF4000D50F1 /* MockUpWeather.swift in Sources */ = {isa = PBXBuildFile; fileRef = 9CEAC28E26A56DF4000D50F1 /* MockUpWeather.swift */; };
		9CF0818B26A2E5C200C63948 /* Enums.swift in Sources */ = {isa = PBXBuildFile; fileRef = 9CF0818A26A2E5C200C63948 /* Enums.swift */; };
		9CF0818C26A2E5C200C63948 /* Enums.swift in Sources */ = {isa = PBXBuildFile; fileRef = 9CF0818A26A2E5C200C63948 /* Enums.swift */; };
		9CF0818D26A2E5C200C63948 /* Enums.swift in Sources */ = {isa = PBXBuildFile; fileRef = 9CF0818A26A2E5C200C63948 /* Enums.swift */; };
		9CF0818F26A2E5D900C63948 /* Extensions.swift in Sources */ = {isa = PBXBuildFile; fileRef = 9CF0818E26A2E5D900C63948 /* Extensions.swift */; };
		9CF0819026A2E5D900C63948 /* Extensions.swift in Sources */ = {isa = PBXBuildFile; fileRef = 9CF0818E26A2E5D900C63948 /* Extensions.swift */; };
		9CF0819126A2E5D900C63948 /* Extensions.swift in Sources */ = {isa = PBXBuildFile; fileRef = 9CF0818E26A2E5D900C63948 /* Extensions.swift */; };
		9CF0819326A2E5EB00C63948 /* Loader.swift in Sources */ = {isa = PBXBuildFile; fileRef = 9CF0819226A2E5EB00C63948 /* Loader.swift */; };
		9CF0819426A2E5EB00C63948 /* Loader.swift in Sources */ = {isa = PBXBuildFile; fileRef = 9CF0819226A2E5EB00C63948 /* Loader.swift */; };
		9CF0819526A2E5EB00C63948 /* Loader.swift in Sources */ = {isa = PBXBuildFile; fileRef = 9CF0819226A2E5EB00C63948 /* Loader.swift */; };
		9CF0819826A2E61D00C63948 /* Endpoint.swift in Sources */ = {isa = PBXBuildFile; fileRef = 9CF0819726A2E61D00C63948 /* Endpoint.swift */; };
		9CF0819926A2E61D00C63948 /* Endpoint.swift in Sources */ = {isa = PBXBuildFile; fileRef = 9CF0819726A2E61D00C63948 /* Endpoint.swift */; };
		9CF0819A26A2E61D00C63948 /* Endpoint.swift in Sources */ = {isa = PBXBuildFile; fileRef = 9CF0819726A2E61D00C63948 /* Endpoint.swift */; };
		9CF0819C26A2E63C00C63948 /* APIManager.swift in Sources */ = {isa = PBXBuildFile; fileRef = 9CF0819B26A2E63C00C63948 /* APIManager.swift */; };
		9CF0819D26A2E63C00C63948 /* APIManager.swift in Sources */ = {isa = PBXBuildFile; fileRef = 9CF0819B26A2E63C00C63948 /* APIManager.swift */; };
		9CF0819E26A2E63C00C63948 /* APIManager.swift in Sources */ = {isa = PBXBuildFile; fileRef = 9CF0819B26A2E63C00C63948 /* APIManager.swift */; };
		9CF081A026A2E64E00C63948 /* WeatherRequest.swift in Sources */ = {isa = PBXBuildFile; fileRef = 9CF0819F26A2E64E00C63948 /* WeatherRequest.swift */; };
		9CF081A126A2E64E00C63948 /* WeatherRequest.swift in Sources */ = {isa = PBXBuildFile; fileRef = 9CF0819F26A2E64E00C63948 /* WeatherRequest.swift */; };
		9CF081A226A2E64E00C63948 /* WeatherRequest.swift in Sources */ = {isa = PBXBuildFile; fileRef = 9CF0819F26A2E64E00C63948 /* WeatherRequest.swift */; };
		9CF081A526A2E6B500C63948 /* Weather.swift in Sources */ = {isa = PBXBuildFile; fileRef = 9CF081A426A2E6B500C63948 /* Weather.swift */; };
		9CF081A626A2E6B500C63948 /* Weather.swift in Sources */ = {isa = PBXBuildFile; fileRef = 9CF081A426A2E6B500C63948 /* Weather.swift */; };
		9CF081A726A2E6B500C63948 /* Weather.swift in Sources */ = {isa = PBXBuildFile; fileRef = 9CF081A426A2E6B500C63948 /* Weather.swift */; };
		9CF081AA26A2ECDD00C63948 /* WeatherViewModel.swift in Sources */ = {isa = PBXBuildFile; fileRef = 9CF081A926A2ECDD00C63948 /* WeatherViewModel.swift */; };
		9CF081AB26A2ECDD00C63948 /* WeatherViewModel.swift in Sources */ = {isa = PBXBuildFile; fileRef = 9CF081A926A2ECDD00C63948 /* WeatherViewModel.swift */; };
		9CF081AC26A2ECDD00C63948 /* WeatherViewModel.swift in Sources */ = {isa = PBXBuildFile; fileRef = 9CF081A926A2ECDD00C63948 /* WeatherViewModel.swift */; };
		9CF081B626A3000A00C63948 /* DetailViewModel.swift in Sources */ = {isa = PBXBuildFile; fileRef = 9CF081B526A3000A00C63948 /* DetailViewModel.swift */; };
		9CF081B726A3000A00C63948 /* DetailViewModel.swift in Sources */ = {isa = PBXBuildFile; fileRef = 9CF081B526A3000A00C63948 /* DetailViewModel.swift */; };
		9CF081B826A3000A00C63948 /* DetailViewModel.swift in Sources */ = {isa = PBXBuildFile; fileRef = 9CF081B526A3000A00C63948 /* DetailViewModel.swift */; };
		9CF081BA26A3003F00C63948 /* WeatherCollectionViewExtension.swift in Sources */ = {isa = PBXBuildFile; fileRef = 9CF081B926A3003F00C63948 /* WeatherCollectionViewExtension.swift */; };
		9CF081BB26A3003F00C63948 /* WeatherCollectionViewExtension.swift in Sources */ = {isa = PBXBuildFile; fileRef = 9CF081B926A3003F00C63948 /* WeatherCollectionViewExtension.swift */; };
		9CF081BC26A3003F00C63948 /* WeatherCollectionViewExtension.swift in Sources */ = {isa = PBXBuildFile; fileRef = 9CF081B926A3003F00C63948 /* WeatherCollectionViewExtension.swift */; };
		9CF081BE26A3012200C63948 /* WeatherCell.swift in Sources */ = {isa = PBXBuildFile; fileRef = 9CF081BD26A3012200C63948 /* WeatherCell.swift */; };
		9CF081BF26A3012200C63948 /* WeatherCell.swift in Sources */ = {isa = PBXBuildFile; fileRef = 9CF081BD26A3012200C63948 /* WeatherCell.swift */; };
		9CF081C026A3012200C63948 /* WeatherCell.swift in Sources */ = {isa = PBXBuildFile; fileRef = 9CF081BD26A3012200C63948 /* WeatherCell.swift */; };
		9CF081C226A31DAC00C63948 /* weather.json in Resources */ = {isa = PBXBuildFile; fileRef = 9CF081C126A31DAC00C63948 /* weather.json */; };
		BAF131B13F5A17A1B699F9EB /* Pods_CodeTestWeather.framework in Frameworks */ = {isa = PBXBuildFile; fileRef = 31A71338E174E131DED7398F /* Pods_CodeTestWeather.framework */; };
		E6137939ABD168713018FA1B /* Pods_CodeTestWeatherTests.framework in Frameworks */ = {isa = PBXBuildFile; fileRef = F65AA09703CBF17CD50511B4 /* Pods_CodeTestWeatherTests.framework */; };
/* End PBXBuildFile section */

/* Begin PBXContainerItemProxy section */
		9CB77FEF26A2905B00B1A602 /* PBXContainerItemProxy */ = {
			isa = PBXContainerItemProxy;
			containerPortal = 9CB77FD026A2905A00B1A602 /* Project object */;
			proxyType = 1;
			remoteGlobalIDString = 9CB77FD726A2905A00B1A602;
			remoteInfo = CodeTestWeather;
		};
		9CB77FF926A2905B00B1A602 /* PBXContainerItemProxy */ = {
			isa = PBXContainerItemProxy;
			containerPortal = 9CB77FD026A2905A00B1A602 /* Project object */;
			proxyType = 1;
			remoteGlobalIDString = 9CB77FD726A2905A00B1A602;
			remoteInfo = CodeTestWeather;
		};
/* End PBXContainerItemProxy section */

/* Begin PBXFileReference section */
		050AA45272F08A258D0A62C9 /* Pods-CodeTestWeather-CodeTestWeatherUITests.release.xcconfig */ = {isa = PBXFileReference; includeInIndex = 1; lastKnownFileType = text.xcconfig; name = "Pods-CodeTestWeather-CodeTestWeatherUITests.release.xcconfig"; path = "Target Support Files/Pods-CodeTestWeather-CodeTestWeatherUITests/Pods-CodeTestWeather-CodeTestWeatherUITests.release.xcconfig"; sourceTree = "<group>"; };
		0ACE0F58EC520B1393FB79C3 /* Pods-CodeTestWeather.debug.xcconfig */ = {isa = PBXFileReference; includeInIndex = 1; lastKnownFileType = text.xcconfig; name = "Pods-CodeTestWeather.debug.xcconfig"; path = "Target Support Files/Pods-CodeTestWeather/Pods-CodeTestWeather.debug.xcconfig"; sourceTree = "<group>"; };
		0D2EFFB2F3CF66B5B11AA946 /* Pods-CodeTestWeatherTests.release.xcconfig */ = {isa = PBXFileReference; includeInIndex = 1; lastKnownFileType = text.xcconfig; name = "Pods-CodeTestWeatherTests.release.xcconfig"; path = "Target Support Files/Pods-CodeTestWeatherTests/Pods-CodeTestWeatherTests.release.xcconfig"; sourceTree = "<group>"; };
		19F1455F0B749F35B1405916 /* Pods-CodeTestWeather.release.xcconfig */ = {isa = PBXFileReference; includeInIndex = 1; lastKnownFileType = text.xcconfig; name = "Pods-CodeTestWeather.release.xcconfig"; path = "Target Support Files/Pods-CodeTestWeather/Pods-CodeTestWeather.release.xcconfig"; sourceTree = "<group>"; };
		31A71338E174E131DED7398F /* Pods_CodeTestWeather.framework */ = {isa = PBXFileReference; explicitFileType = wrapper.framework; includeInIndex = 0; path = Pods_CodeTestWeather.framework; sourceTree = BUILT_PRODUCTS_DIR; };
		6E8C82B2E9CA017F789585B3 /* Pods_CodeTestWeather_CodeTestWeatherUITests.framework */ = {isa = PBXFileReference; explicitFileType = wrapper.framework; includeInIndex = 0; path = Pods_CodeTestWeather_CodeTestWeatherUITests.framework; sourceTree = BUILT_PRODUCTS_DIR; };
		8FE482950E9C101CD20C0555 /* Pods-CodeTestWeather-CodeTestWeatherUITests.debug.xcconfig */ = {isa = PBXFileReference; includeInIndex = 1; lastKnownFileType = text.xcconfig; name = "Pods-CodeTestWeather-CodeTestWeatherUITests.debug.xcconfig"; path = "Target Support Files/Pods-CodeTestWeather-CodeTestWeatherUITests/Pods-CodeTestWeather-CodeTestWeatherUITests.debug.xcconfig"; sourceTree = "<group>"; };
		9CB77FD826A2905A00B1A602 /* CodeTestWeather.app */ = {isa = PBXFileReference; explicitFileType = wrapper.application; includeInIndex = 0; path = CodeTestWeather.app; sourceTree = BUILT_PRODUCTS_DIR; };
		9CB77FDB26A2905A00B1A602 /* AppDelegate.swift */ = {isa = PBXFileReference; lastKnownFileType = sourcecode.swift; path = AppDelegate.swift; sourceTree = "<group>"; };
		9CB77FDD26A2905A00B1A602 /* SceneDelegate.swift */ = {isa = PBXFileReference; lastKnownFileType = sourcecode.swift; path = SceneDelegate.swift; sourceTree = "<group>"; };
		9CB77FE226A2905A00B1A602 /* Base */ = {isa = PBXFileReference; lastKnownFileType = file.storyboard; name = Base; path = Base.lproj/Main.storyboard; sourceTree = "<group>"; };
		9CB77FE426A2905B00B1A602 /* Assets.xcassets */ = {isa = PBXFileReference; lastKnownFileType = folder.assetcatalog; path = Assets.xcassets; sourceTree = "<group>"; };
		9CB77FE726A2905B00B1A602 /* Base */ = {isa = PBXFileReference; lastKnownFileType = file.storyboard; name = Base; path = Base.lproj/LaunchScreen.storyboard; sourceTree = "<group>"; };
		9CB77FE926A2905B00B1A602 /* Info.plist */ = {isa = PBXFileReference; lastKnownFileType = text.plist.xml; path = Info.plist; sourceTree = "<group>"; };
		9CB77FEE26A2905B00B1A602 /* CodeTestWeatherTests.xctest */ = {isa = PBXFileReference; explicitFileType = wrapper.cfbundle; includeInIndex = 0; path = CodeTestWeatherTests.xctest; sourceTree = BUILT_PRODUCTS_DIR; };
		9CB77FF226A2905B00B1A602 /* CodeTestWeatherTests.swift */ = {isa = PBXFileReference; lastKnownFileType = sourcecode.swift; path = CodeTestWeatherTests.swift; sourceTree = "<group>"; };
		9CB77FF826A2905B00B1A602 /* CodeTestWeatherUITests.xctest */ = {isa = PBXFileReference; explicitFileType = wrapper.cfbundle; includeInIndex = 0; path = CodeTestWeatherUITests.xctest; sourceTree = BUILT_PRODUCTS_DIR; };
		9CB77FFC26A2905B00B1A602 /* CodeTestWeatherUITests.swift */ = {isa = PBXFileReference; lastKnownFileType = sourcecode.swift; path = CodeTestWeatherUITests.swift; sourceTree = "<group>"; };
		9CB7800A26A2917300B1A602 /* SearchViewController.swift */ = {isa = PBXFileReference; lastKnownFileType = sourcecode.swift; path = SearchViewController.swift; sourceTree = "<group>"; };
		9CB7800F26A2955400B1A602 /* SearchViewModel.swift */ = {isa = PBXFileReference; lastKnownFileType = sourcecode.swift; path = SearchViewModel.swift; sourceTree = "<group>"; };
		9CB7801526A296C400B1A602 /* Constants.swift */ = {isa = PBXFileReference; lastKnownFileType = sourcecode.swift; path = Constants.swift; sourceTree = "<group>"; };
		9CB7801E26A2B99700B1A602 /* DetailViewController.swift */ = {isa = PBXFileReference; lastKnownFileType = sourcecode.swift; path = DetailViewController.swift; sourceTree = "<group>"; };
		9CCC694B26A3FA230063171E /* DataBaseManager.swift */ = {isa = PBXFileReference; lastKnownFileType = sourcecode.swift; path = DataBaseManager.swift; sourceTree = "<group>"; };
		9CEAC28E26A56DF4000D50F1 /* MockUpWeather.swift */ = {isa = PBXFileReference; lastKnownFileType = sourcecode.swift; path = MockUpWeather.swift; sourceTree = "<group>"; };
		9CF0818A26A2E5C200C63948 /* Enums.swift */ = {isa = PBXFileReference; lastKnownFileType = sourcecode.swift; path = Enums.swift; sourceTree = "<group>"; };
		9CF0818E26A2E5D900C63948 /* Extensions.swift */ = {isa = PBXFileReference; lastKnownFileType = sourcecode.swift; path = Extensions.swift; sourceTree = "<group>"; };
		9CF0819226A2E5EB00C63948 /* Loader.swift */ = {isa = PBXFileReference; lastKnownFileType = sourcecode.swift; path = Loader.swift; sourceTree = "<group>"; };
		9CF0819726A2E61D00C63948 /* Endpoint.swift */ = {isa = PBXFileReference; lastKnownFileType = sourcecode.swift; path = Endpoint.swift; sourceTree = "<group>"; };
		9CF0819B26A2E63C00C63948 /* APIManager.swift */ = {isa = PBXFileReference; lastKnownFileType = sourcecode.swift; path = APIManager.swift; sourceTree = "<group>"; };
		9CF0819F26A2E64E00C63948 /* WeatherRequest.swift */ = {isa = PBXFileReference; lastKnownFileType = sourcecode.swift; path = WeatherRequest.swift; sourceTree = "<group>"; };
		9CF081A426A2E6B500C63948 /* Weather.swift */ = {isa = PBXFileReference; lastKnownFileType = sourcecode.swift; path = Weather.swift; sourceTree = "<group>"; };
		9CF081A926A2ECDD00C63948 /* WeatherViewModel.swift */ = {isa = PBXFileReference; lastKnownFileType = sourcecode.swift; path = WeatherViewModel.swift; sourceTree = "<group>"; };
		9CF081B526A3000A00C63948 /* DetailViewModel.swift */ = {isa = PBXFileReference; lastKnownFileType = sourcecode.swift; path = DetailViewModel.swift; sourceTree = "<group>"; };
		9CF081B926A3003F00C63948 /* WeatherCollectionViewExtension.swift */ = {isa = PBXFileReference; lastKnownFileType = sourcecode.swift; path = WeatherCollectionViewExtension.swift; sourceTree = "<group>"; };
		9CF081BD26A3012200C63948 /* WeatherCell.swift */ = {isa = PBXFileReference; lastKnownFileType = sourcecode.swift; path = WeatherCell.swift; sourceTree = "<group>"; };
		9CF081C126A31DAC00C63948 /* weather.json */ = {isa = PBXFileReference; fileEncoding = 4; lastKnownFileType = text.json; path = weather.json; sourceTree = "<group>"; };
		F65AA09703CBF17CD50511B4 /* Pods_CodeTestWeatherTests.framework */ = {isa = PBXFileReference; explicitFileType = wrapper.framework; includeInIndex = 0; path = Pods_CodeTestWeatherTests.framework; sourceTree = BUILT_PRODUCTS_DIR; };
		FA867F6CA3DCBEF235DF1B62 /* Pods-CodeTestWeatherTests.debug.xcconfig */ = {isa = PBXFileReference; includeInIndex = 1; lastKnownFileType = text.xcconfig; name = "Pods-CodeTestWeatherTests.debug.xcconfig"; path = "Target Support Files/Pods-CodeTestWeatherTests/Pods-CodeTestWeatherTests.debug.xcconfig"; sourceTree = "<group>"; };
/* End PBXFileReference section */

/* Begin PBXFrameworksBuildPhase section */
		9CB77FD526A2905A00B1A602 /* Frameworks */ = {
			isa = PBXFrameworksBuildPhase;
			buildActionMask = 2147483647;
			files = (
				BAF131B13F5A17A1B699F9EB /* Pods_CodeTestWeather.framework in Frameworks */,
			);
			runOnlyForDeploymentPostprocessing = 0;
		};
		9CB77FEB26A2905B00B1A602 /* Frameworks */ = {
			isa = PBXFrameworksBuildPhase;
			buildActionMask = 2147483647;
			files = (
				E6137939ABD168713018FA1B /* Pods_CodeTestWeatherTests.framework in Frameworks */,
			);
			runOnlyForDeploymentPostprocessing = 0;
		};
		9CB77FF526A2905B00B1A602 /* Frameworks */ = {
			isa = PBXFrameworksBuildPhase;
			buildActionMask = 2147483647;
			files = (
				787D45ED90B900EF24BDF83F /* Pods_CodeTestWeather_CodeTestWeatherUITests.framework in Frameworks */,
			);
			runOnlyForDeploymentPostprocessing = 0;
		};
/* End PBXFrameworksBuildPhase section */

/* Begin PBXGroup section */
		20CA87D3DCC0E4F16CDF89A9 /* Pods */ = {
			isa = PBXGroup;
			children = (
				0ACE0F58EC520B1393FB79C3 /* Pods-CodeTestWeather.debug.xcconfig */,
				19F1455F0B749F35B1405916 /* Pods-CodeTestWeather.release.xcconfig */,
				8FE482950E9C101CD20C0555 /* Pods-CodeTestWeather-CodeTestWeatherUITests.debug.xcconfig */,
				050AA45272F08A258D0A62C9 /* Pods-CodeTestWeather-CodeTestWeatherUITests.release.xcconfig */,
				FA867F6CA3DCBEF235DF1B62 /* Pods-CodeTestWeatherTests.debug.xcconfig */,
				0D2EFFB2F3CF66B5B11AA946 /* Pods-CodeTestWeatherTests.release.xcconfig */,
			);
			path = Pods;
			sourceTree = "<group>";
		};
		402A1612FC21359E5D634F5B /* Frameworks */ = {
			isa = PBXGroup;
			children = (
				31A71338E174E131DED7398F /* Pods_CodeTestWeather.framework */,
				6E8C82B2E9CA017F789585B3 /* Pods_CodeTestWeather_CodeTestWeatherUITests.framework */,
				F65AA09703CBF17CD50511B4 /* Pods_CodeTestWeatherTests.framework */,
			);
			name = Frameworks;
			sourceTree = "<group>";
		};
		9CB77FCF26A2905A00B1A602 = {
			isa = PBXGroup;
			children = (
				9CB77FDA26A2905A00B1A602 /* CodeTestWeather */,
				9CB77FF126A2905B00B1A602 /* CodeTestWeatherTests */,
				9CB77FFB26A2905B00B1A602 /* CodeTestWeatherUITests */,
				9CB77FD926A2905A00B1A602 /* Products */,
				20CA87D3DCC0E4F16CDF89A9 /* Pods */,
				402A1612FC21359E5D634F5B /* Frameworks */,
			);
			sourceTree = "<group>";
		};
		9CB77FD926A2905A00B1A602 /* Products */ = {
			isa = PBXGroup;
			children = (
				9CB77FD826A2905A00B1A602 /* CodeTestWeather.app */,
				9CB77FEE26A2905B00B1A602 /* CodeTestWeatherTests.xctest */,
				9CB77FF826A2905B00B1A602 /* CodeTestWeatherUITests.xctest */,
			);
			name = Products;
			sourceTree = "<group>";
		};
		9CB77FDA26A2905A00B1A602 /* CodeTestWeather */ = {
			isa = PBXGroup;
			children = (
				9CF081A326A2E6A800C63948 /* Model */,
				9CF0819626A2E60E00C63948 /* APIRequests */,
				9CB7801426A296B600B1A602 /* Helpers */,
				9CB7801326A2957800B1A602 /* View */,
				9CB7800E26A2954100B1A602 /* ViewModel */,
				9CB7800926A2914A00B1A602 /* Controller */,
				9CB77FDB26A2905A00B1A602 /* AppDelegate.swift */,
				9CB77FDD26A2905A00B1A602 /* SceneDelegate.swift */,
				9CB77FE426A2905B00B1A602 /* Assets.xcassets */,
				9CB77FE926A2905B00B1A602 /* Info.plist */,
			);
			path = CodeTestWeather;
			sourceTree = "<group>";
		};
		9CB77FF126A2905B00B1A602 /* CodeTestWeatherTests */ = {
			isa = PBXGroup;
			children = (
				9CB77FF226A2905B00B1A602 /* CodeTestWeatherTests.swift */,
				9CF081C126A31DAC00C63948 /* weather.json */,
				9CEAC28E26A56DF4000D50F1 /* MockUpWeather.swift */,
			);
			path = CodeTestWeatherTests;
			sourceTree = "<group>";
		};
		9CB77FFB26A2905B00B1A602 /* CodeTestWeatherUITests */ = {
			isa = PBXGroup;
			children = (
				9CB77FFC26A2905B00B1A602 /* CodeTestWeatherUITests.swift */,
			);
			path = CodeTestWeatherUITests;
			sourceTree = "<group>";
		};
		9CB7800926A2914A00B1A602 /* Controller */ = {
			isa = PBXGroup;
			children = (
				9CB7800A26A2917300B1A602 /* SearchViewController.swift */,
				9CB7801E26A2B99700B1A602 /* DetailViewController.swift */,
				9CF081B926A3003F00C63948 /* WeatherCollectionViewExtension.swift */,
			);
			path = Controller;
			sourceTree = "<group>";
		};
		9CB7800E26A2954100B1A602 /* ViewModel */ = {
			isa = PBXGroup;
			children = (
				9CB7800F26A2955400B1A602 /* SearchViewModel.swift */,
				9CF081B526A3000A00C63948 /* DetailViewModel.swift */,
				9CF081A926A2ECDD00C63948 /* WeatherViewModel.swift */,
			);
			path = ViewModel;
			sourceTree = "<group>";
		};
		9CB7801326A2957800B1A602 /* View */ = {
			isa = PBXGroup;
			children = (
				9CB77FE126A2905A00B1A602 /* Main.storyboard */,
				9CB77FE626A2905B00B1A602 /* LaunchScreen.storyboard */,
				9CF081BD26A3012200C63948 /* WeatherCell.swift */,
			);
			path = View;
			sourceTree = "<group>";
		};
		9CB7801426A296B600B1A602 /* Helpers */ = {
			isa = PBXGroup;
			children = (
				9CB7801526A296C400B1A602 /* Constants.swift */,
				9CF0818A26A2E5C200C63948 /* Enums.swift */,
				9CF0818E26A2E5D900C63948 /* Extensions.swift */,
				9CF0819226A2E5EB00C63948 /* Loader.swift */,
			);
			path = Helpers;
			sourceTree = "<group>";
		};
		9CCC694A26A3FA0B0063171E /* DataBaseManager */ = {
			isa = PBXGroup;
			children = (
				9CCC694B26A3FA230063171E /* DataBaseManager.swift */,
			);
			path = DataBaseManager;
			sourceTree = "<group>";
		};
		9CF0819626A2E60E00C63948 /* APIRequests */ = {
			isa = PBXGroup;
			children = (
				9CF0819726A2E61D00C63948 /* Endpoint.swift */,
				9CF0819B26A2E63C00C63948 /* APIManager.swift */,
				9CF0819F26A2E64E00C63948 /* WeatherRequest.swift */,
			);
			path = APIRequests;
			sourceTree = "<group>";
		};
		9CF081A326A2E6A800C63948 /* Model */ = {
			isa = PBXGroup;
			children = (
				9CCC694A26A3FA0B0063171E /* DataBaseManager */,
				9CF081A426A2E6B500C63948 /* Weather.swift */,
			);
			path = Model;
			sourceTree = "<group>";
		};
/* End PBXGroup section */

/* Begin PBXNativeTarget section */
		9CB77FD726A2905A00B1A602 /* CodeTestWeather */ = {
			isa = PBXNativeTarget;
			buildConfigurationList = 9CB7800026A2905B00B1A602 /* Build configuration list for PBXNativeTarget "CodeTestWeather" */;
			buildPhases = (
				632D8FE7153DC8A37F4E8B18 /* [CP] Check Pods Manifest.lock */,
				9CB77FD426A2905A00B1A602 /* Sources */,
				9CB77FD526A2905A00B1A602 /* Frameworks */,
				9CB77FD626A2905A00B1A602 /* Resources */,
				534B2F1B81C1438B1F30965F /* [CP] Embed Pods Frameworks */,
			);
			buildRules = (
			);
			dependencies = (
			);
			name = CodeTestWeather;
			productName = CodeTestWeather;
			productReference = 9CB77FD826A2905A00B1A602 /* CodeTestWeather.app */;
			productType = "com.apple.product-type.application";
		};
		9CB77FED26A2905B00B1A602 /* CodeTestWeatherTests */ = {
			isa = PBXNativeTarget;
			buildConfigurationList = 9CB7800326A2905B00B1A602 /* Build configuration list for PBXNativeTarget "CodeTestWeatherTests" */;
			buildPhases = (
				C52EB2240263F0A1DA6001E7 /* [CP] Check Pods Manifest.lock */,
				9CB77FEA26A2905B00B1A602 /* Sources */,
				9CB77FEB26A2905B00B1A602 /* Frameworks */,
				9CB77FEC26A2905B00B1A602 /* Resources */,
			);
			buildRules = (
			);
			dependencies = (
				9CB77FF026A2905B00B1A602 /* PBXTargetDependency */,
			);
			name = CodeTestWeatherTests;
			productName = CodeTestWeatherTests;
			productReference = 9CB77FEE26A2905B00B1A602 /* CodeTestWeatherTests.xctest */;
			productType = "com.apple.product-type.bundle.unit-test";
		};
		9CB77FF726A2905B00B1A602 /* CodeTestWeatherUITests */ = {
			isa = PBXNativeTarget;
			buildConfigurationList = 9CB7800626A2905B00B1A602 /* Build configuration list for PBXNativeTarget "CodeTestWeatherUITests" */;
			buildPhases = (
				010D73B8DBE0DC35D79669D0 /* [CP] Check Pods Manifest.lock */,
				9CB77FF426A2905B00B1A602 /* Sources */,
				9CB77FF526A2905B00B1A602 /* Frameworks */,
				9CB77FF626A2905B00B1A602 /* Resources */,
				C9F1110F11A910CED0E8EBD2 /* [CP] Embed Pods Frameworks */,
			);
			buildRules = (
			);
			dependencies = (
				9CB77FFA26A2905B00B1A602 /* PBXTargetDependency */,
			);
			name = CodeTestWeatherUITests;
			productName = CodeTestWeatherUITests;
			productReference = 9CB77FF826A2905B00B1A602 /* CodeTestWeatherUITests.xctest */;
			productType = "com.apple.product-type.bundle.ui-testing";
		};
/* End PBXNativeTarget section */

/* Begin PBXProject section */
		9CB77FD026A2905A00B1A602 /* Project object */ = {
			isa = PBXProject;
			attributes = {
				BuildIndependentTargetsInParallel = 1;
				LastSwiftUpdateCheck = 1300;
				LastUpgradeCheck = 1300;
				TargetAttributes = {
					9CB77FD726A2905A00B1A602 = {
						CreatedOnToolsVersion = 13.0;
					};
					9CB77FED26A2905B00B1A602 = {
						CreatedOnToolsVersion = 13.0;
						TestTargetID = 9CB77FD726A2905A00B1A602;
					};
					9CB77FF726A2905B00B1A602 = {
						CreatedOnToolsVersion = 13.0;
						TestTargetID = 9CB77FD726A2905A00B1A602;
					};
				};
			};
			buildConfigurationList = 9CB77FD326A2905A00B1A602 /* Build configuration list for PBXProject "CodeTestWeather" */;
			compatibilityVersion = "Xcode 13.0";
			developmentRegion = en;
			hasScannedForEncodings = 0;
			knownRegions = (
				en,
				Base,
			);
			mainGroup = 9CB77FCF26A2905A00B1A602;
			productRefGroup = 9CB77FD926A2905A00B1A602 /* Products */;
			projectDirPath = "";
			projectRoot = "";
			targets = (
				9CB77FD726A2905A00B1A602 /* CodeTestWeather */,
				9CB77FED26A2905B00B1A602 /* CodeTestWeatherTests */,
				9CB77FF726A2905B00B1A602 /* CodeTestWeatherUITests */,
			);
		};
/* End PBXProject section */

/* Begin PBXResourcesBuildPhase section */
		9CB77FD626A2905A00B1A602 /* Resources */ = {
			isa = PBXResourcesBuildPhase;
			buildActionMask = 2147483647;
			files = (
				9CB77FE826A2905B00B1A602 /* LaunchScreen.storyboard in Resources */,
				9CB77FE526A2905B00B1A602 /* Assets.xcassets in Resources */,
				9CB77FE326A2905A00B1A602 /* Main.storyboard in Resources */,
			);
			runOnlyForDeploymentPostprocessing = 0;
		};
		9CB77FEC26A2905B00B1A602 /* Resources */ = {
			isa = PBXResourcesBuildPhase;
			buildActionMask = 2147483647;
			files = (
				9CF081C226A31DAC00C63948 /* weather.json in Resources */,
			);
			runOnlyForDeploymentPostprocessing = 0;
		};
		9CB77FF626A2905B00B1A602 /* Resources */ = {
			isa = PBXResourcesBuildPhase;
			buildActionMask = 2147483647;
			files = (
			);
			runOnlyForDeploymentPostprocessing = 0;
		};
/* End PBXResourcesBuildPhase section */

/* Begin PBXShellScriptBuildPhase section */
		010D73B8DBE0DC35D79669D0 /* [CP] Check Pods Manifest.lock */ = {
			isa = PBXShellScriptBuildPhase;
			buildActionMask = 2147483647;
			files = (
			);
			inputFileListPaths = (
			);
			inputPaths = (
				"${PODS_PODFILE_DIR_PATH}/Podfile.lock",
				"${PODS_ROOT}/Manifest.lock",
			);
			name = "[CP] Check Pods Manifest.lock";
			outputFileListPaths = (
			);
			outputPaths = (
				"$(DERIVED_FILE_DIR)/Pods-CodeTestWeather-CodeTestWeatherUITests-checkManifestLockResult.txt",
			);
			runOnlyForDeploymentPostprocessing = 0;
			shellPath = /bin/sh;
			shellScript = "diff \"${PODS_PODFILE_DIR_PATH}/Podfile.lock\" \"${PODS_ROOT}/Manifest.lock\" > /dev/null\nif [ $? != 0 ] ; then\n    # print error to STDERR\n    echo \"error: The sandbox is not in sync with the Podfile.lock. Run 'pod install' or update your CocoaPods installation.\" >&2\n    exit 1\nfi\n# This output is used by Xcode 'outputs' to avoid re-running this script phase.\necho \"SUCCESS\" > \"${SCRIPT_OUTPUT_FILE_0}\"\n";
			showEnvVarsInLog = 0;
		};
		534B2F1B81C1438B1F30965F /* [CP] Embed Pods Frameworks */ = {
			isa = PBXShellScriptBuildPhase;
			buildActionMask = 2147483647;
			files = (
			);
			inputFileListPaths = (
				"${PODS_ROOT}/Target Support Files/Pods-CodeTestWeather/Pods-CodeTestWeather-frameworks-${CONFIGURATION}-input-files.xcfilelist",
			);
			name = "[CP] Embed Pods Frameworks";
			outputFileListPaths = (
				"${PODS_ROOT}/Target Support Files/Pods-CodeTestWeather/Pods-CodeTestWeather-frameworks-${CONFIGURATION}-output-files.xcfilelist",
			);
			runOnlyForDeploymentPostprocessing = 0;
			shellPath = /bin/sh;
			shellScript = "\"${PODS_ROOT}/Target Support Files/Pods-CodeTestWeather/Pods-CodeTestWeather-frameworks.sh\"\n";
			showEnvVarsInLog = 0;
		};
		632D8FE7153DC8A37F4E8B18 /* [CP] Check Pods Manifest.lock */ = {
			isa = PBXShellScriptBuildPhase;
			buildActionMask = 2147483647;
			files = (
			);
			inputFileListPaths = (
			);
			inputPaths = (
				"${PODS_PODFILE_DIR_PATH}/Podfile.lock",
				"${PODS_ROOT}/Manifest.lock",
			);
			name = "[CP] Check Pods Manifest.lock";
			outputFileListPaths = (
			);
			outputPaths = (
				"$(DERIVED_FILE_DIR)/Pods-CodeTestWeather-checkManifestLockResult.txt",
			);
			runOnlyForDeploymentPostprocessing = 0;
			shellPath = /bin/sh;
			shellScript = "diff \"${PODS_PODFILE_DIR_PATH}/Podfile.lock\" \"${PODS_ROOT}/Manifest.lock\" > /dev/null\nif [ $? != 0 ] ; then\n    # print error to STDERR\n    echo \"error: The sandbox is not in sync with the Podfile.lock. Run 'pod install' or update your CocoaPods installation.\" >&2\n    exit 1\nfi\n# This output is used by Xcode 'outputs' to avoid re-running this script phase.\necho \"SUCCESS\" > \"${SCRIPT_OUTPUT_FILE_0}\"\n";
			showEnvVarsInLog = 0;
		};
		C52EB2240263F0A1DA6001E7 /* [CP] Check Pods Manifest.lock */ = {
			isa = PBXShellScriptBuildPhase;
			buildActionMask = 2147483647;
			files = (
			);
			inputFileListPaths = (
			);
			inputPaths = (
				"${PODS_PODFILE_DIR_PATH}/Podfile.lock",
				"${PODS_ROOT}/Manifest.lock",
			);
			name = "[CP] Check Pods Manifest.lock";
			outputFileListPaths = (
			);
			outputPaths = (
				"$(DERIVED_FILE_DIR)/Pods-CodeTestWeatherTests-checkManifestLockResult.txt",
			);
			runOnlyForDeploymentPostprocessing = 0;
			shellPath = /bin/sh;
			shellScript = "diff \"${PODS_PODFILE_DIR_PATH}/Podfile.lock\" \"${PODS_ROOT}/Manifest.lock\" > /dev/null\nif [ $? != 0 ] ; then\n    # print error to STDERR\n    echo \"error: The sandbox is not in sync with the Podfile.lock. Run 'pod install' or update your CocoaPods installation.\" >&2\n    exit 1\nfi\n# This output is used by Xcode 'outputs' to avoid re-running this script phase.\necho \"SUCCESS\" > \"${SCRIPT_OUTPUT_FILE_0}\"\n";
			showEnvVarsInLog = 0;
		};
		C9F1110F11A910CED0E8EBD2 /* [CP] Embed Pods Frameworks */ = {
			isa = PBXShellScriptBuildPhase;
			buildActionMask = 2147483647;
			files = (
			);
			inputFileListPaths = (
				"${PODS_ROOT}/Target Support Files/Pods-CodeTestWeather-CodeTestWeatherUITests/Pods-CodeTestWeather-CodeTestWeatherUITests-frameworks-${CONFIGURATION}-input-files.xcfilelist",
			);
			name = "[CP] Embed Pods Frameworks";
			outputFileListPaths = (
				"${PODS_ROOT}/Target Support Files/Pods-CodeTestWeather-CodeTestWeatherUITests/Pods-CodeTestWeather-CodeTestWeatherUITests-frameworks-${CONFIGURATION}-output-files.xcfilelist",
			);
			runOnlyForDeploymentPostprocessing = 0;
			shellPath = /bin/sh;
			shellScript = "\"${PODS_ROOT}/Target Support Files/Pods-CodeTestWeather-CodeTestWeatherUITests/Pods-CodeTestWeather-CodeTestWeatherUITests-frameworks.sh\"\n";
			showEnvVarsInLog = 0;
		};
/* End PBXShellScriptBuildPhase section */

/* Begin PBXSourcesBuildPhase section */
		9CB77FD426A2905A00B1A602 /* Sources */ = {
			isa = PBXSourcesBuildPhase;
			buildActionMask = 2147483647;
			files = (
				9CF081B626A3000A00C63948 /* DetailViewModel.swift in Sources */,
				9CF081A026A2E64E00C63948 /* WeatherRequest.swift in Sources */,
				9CB7801F26A2B99700B1A602 /* DetailViewController.swift in Sources */,
				9CB7801626A296C400B1A602 /* Constants.swift in Sources */,
				9CF081AA26A2ECDD00C63948 /* WeatherViewModel.swift in Sources */,
				9CCC694C26A3FA230063171E /* DataBaseManager.swift in Sources */,
				9CB7801026A2955400B1A602 /* SearchViewModel.swift in Sources */,
				9CF081BE26A3012200C63948 /* WeatherCell.swift in Sources */,
				9CF0818F26A2E5D900C63948 /* Extensions.swift in Sources */,
				9CF0819C26A2E63C00C63948 /* APIManager.swift in Sources */,
				9CF0819826A2E61D00C63948 /* Endpoint.swift in Sources */,
				9CF081BA26A3003F00C63948 /* WeatherCollectionViewExtension.swift in Sources */,
				9CB77FDC26A2905A00B1A602 /* AppDelegate.swift in Sources */,
				9CF081A526A2E6B500C63948 /* Weather.swift in Sources */,
				9CF0818B26A2E5C200C63948 /* Enums.swift in Sources */,
				9CB7800B26A2917300B1A602 /* SearchViewController.swift in Sources */,
				9CB77FDE26A2905A00B1A602 /* SceneDelegate.swift in Sources */,
				9CF0819326A2E5EB00C63948 /* Loader.swift in Sources */,
			);
			runOnlyForDeploymentPostprocessing = 0;
		};
		9CB77FEA26A2905B00B1A602 /* Sources */ = {
			isa = PBXSourcesBuildPhase;
			buildActionMask = 2147483647;
			files = (
				9CB7801126A2955400B1A602 /* SearchViewModel.swift in Sources */,
				9CF081BF26A3012200C63948 /* WeatherCell.swift in Sources */,
				9CF081AB26A2ECDD00C63948 /* WeatherViewModel.swift in Sources */,
				9CF0819926A2E61D00C63948 /* Endpoint.swift in Sources */,
				9CF0819D26A2E63C00C63948 /* APIManager.swift in Sources */,
				9CEAC28F26A56DF4000D50F1 /* MockUpWeather.swift in Sources */,
				9CB7802026A2B99700B1A602 /* DetailViewController.swift in Sources */,
				9CCC694D26A3FA230063171E /* DataBaseManager.swift in Sources */,
				9CF081A626A2E6B500C63948 /* Weather.swift in Sources */,
				9CB7800C26A2917300B1A602 /* SearchViewController.swift in Sources */,
				9CF081A126A2E64E00C63948 /* WeatherRequest.swift in Sources */,
				9CB77FF326A2905B00B1A602 /* CodeTestWeatherTests.swift in Sources */,
				9CF0818C26A2E5C200C63948 /* Enums.swift in Sources */,
				9CB7801726A296C400B1A602 /* Constants.swift in Sources */,
				9CF0819426A2E5EB00C63948 /* Loader.swift in Sources */,
				9CF081BB26A3003F00C63948 /* WeatherCollectionViewExtension.swift in Sources */,
				9CF0819026A2E5D900C63948 /* Extensions.swift in Sources */,
				9CF081B726A3000A00C63948 /* DetailViewModel.swift in Sources */,
			);
			runOnlyForDeploymentPostprocessing = 0;
		};
		9CB77FF426A2905B00B1A602 /* Sources */ = {
			isa = PBXSourcesBuildPhase;
			buildActionMask = 2147483647;
			files = (
				9CB7801226A2955400B1A602 /* SearchViewModel.swift in Sources */,
				9CF081C026A3012200C63948 /* WeatherCell.swift in Sources */,
				9CF081AC26A2ECDD00C63948 /* WeatherViewModel.swift in Sources */,
				9CF0819A26A2E61D00C63948 /* Endpoint.swift in Sources */,
				9CF0819E26A2E63C00C63948 /* APIManager.swift in Sources */,
				9CB7802126A2B99700B1A602 /* DetailViewController.swift in Sources */,
				9CCC694E26A3FA230063171E /* DataBaseManager.swift in Sources */,
				9CF081A726A2E6B500C63948 /* Weather.swift in Sources */,
				9CB7800D26A2917300B1A602 /* SearchViewController.swift in Sources */,
				9CF081A226A2E64E00C63948 /* WeatherRequest.swift in Sources */,
				9CB77FFD26A2905B00B1A602 /* CodeTestWeatherUITests.swift in Sources */,
				9CF0818D26A2E5C200C63948 /* Enums.swift in Sources */,
				9CB7801826A296C400B1A602 /* Constants.swift in Sources */,
				9CF0819526A2E5EB00C63948 /* Loader.swift in Sources */,
				9CF081BC26A3003F00C63948 /* WeatherCollectionViewExtension.swift in Sources */,
				9CF0819126A2E5D900C63948 /* Extensions.swift in Sources */,
				9CF081B826A3000A00C63948 /* DetailViewModel.swift in Sources */,
			);
			runOnlyForDeploymentPostprocessing = 0;
		};
/* End PBXSourcesBuildPhase section */

/* Begin PBXTargetDependency section */
		9CB77FF026A2905B00B1A602 /* PBXTargetDependency */ = {
			isa = PBXTargetDependency;
			target = 9CB77FD726A2905A00B1A602 /* CodeTestWeather */;
			targetProxy = 9CB77FEF26A2905B00B1A602 /* PBXContainerItemProxy */;
		};
		9CB77FFA26A2905B00B1A602 /* PBXTargetDependency */ = {
			isa = PBXTargetDependency;
			target = 9CB77FD726A2905A00B1A602 /* CodeTestWeather */;
			targetProxy = 9CB77FF926A2905B00B1A602 /* PBXContainerItemProxy */;
		};
/* End PBXTargetDependency section */

/* Begin PBXVariantGroup section */
		9CB77FE126A2905A00B1A602 /* Main.storyboard */ = {
			isa = PBXVariantGroup;
			children = (
				9CB77FE226A2905A00B1A602 /* Base */,
			);
			name = Main.storyboard;
			sourceTree = "<group>";
		};
		9CB77FE626A2905B00B1A602 /* LaunchScreen.storyboard */ = {
			isa = PBXVariantGroup;
			children = (
				9CB77FE726A2905B00B1A602 /* Base */,
			);
			name = LaunchScreen.storyboard;
			sourceTree = "<group>";
		};
/* End PBXVariantGroup section */

/* Begin XCBuildConfiguration section */
		9CB77FFE26A2905B00B1A602 /* Debug */ = {
			isa = XCBuildConfiguration;
			buildSettings = {
				ALWAYS_SEARCH_USER_PATHS = NO;
				CLANG_ANALYZER_NONNULL = YES;
				CLANG_ANALYZER_NUMBER_OBJECT_CONVERSION = YES_AGGRESSIVE;
				CLANG_CXX_LANGUAGE_STANDARD = "gnu++14";
				CLANG_CXX_LIBRARY = "libc++";
				CLANG_ENABLE_MODULES = YES;
				CLANG_ENABLE_OBJC_ARC = YES;
				CLANG_ENABLE_OBJC_WEAK = YES;
				CLANG_WARN_BLOCK_CAPTURE_AUTORELEASING = YES;
				CLANG_WARN_BOOL_CONVERSION = YES;
				CLANG_WARN_COMMA = YES;
				CLANG_WARN_CONSTANT_CONVERSION = YES;
				CLANG_WARN_DEPRECATED_OBJC_IMPLEMENTATIONS = YES;
				CLANG_WARN_DIRECT_OBJC_ISA_USAGE = YES_ERROR;
				CLANG_WARN_DOCUMENTATION_COMMENTS = YES;
				CLANG_WARN_EMPTY_BODY = YES;
				CLANG_WARN_ENUM_CONVERSION = YES;
				CLANG_WARN_INFINITE_RECURSION = YES;
				CLANG_WARN_INT_CONVERSION = YES;
				CLANG_WARN_NON_LITERAL_NULL_CONVERSION = YES;
				CLANG_WARN_OBJC_IMPLICIT_RETAIN_SELF = YES;
				CLANG_WARN_OBJC_LITERAL_CONVERSION = YES;
				CLANG_WARN_OBJC_ROOT_CLASS = YES_ERROR;
				CLANG_WARN_QUOTED_INCLUDE_IN_FRAMEWORK_HEADER = YES;
				CLANG_WARN_RANGE_LOOP_ANALYSIS = YES;
				CLANG_WARN_STRICT_PROTOTYPES = YES;
				CLANG_WARN_SUSPICIOUS_MOVE = YES;
				CLANG_WARN_UNGUARDED_AVAILABILITY = YES_AGGRESSIVE;
				CLANG_WARN_UNREACHABLE_CODE = YES;
				CLANG_WARN__DUPLICATE_METHOD_MATCH = YES;
				COPY_PHASE_STRIP = NO;
				DEBUG_INFORMATION_FORMAT = dwarf;
				ENABLE_STRICT_OBJC_MSGSEND = YES;
				ENABLE_TESTABILITY = YES;
				GCC_C_LANGUAGE_STANDARD = gnu11;
				GCC_DYNAMIC_NO_PIC = NO;
				GCC_NO_COMMON_BLOCKS = YES;
				GCC_OPTIMIZATION_LEVEL = 0;
				GCC_PREPROCESSOR_DEFINITIONS = (
					"DEBUG=1",
					"$(inherited)",
				);
				GCC_WARN_64_TO_32_BIT_CONVERSION = YES;
				GCC_WARN_ABOUT_RETURN_TYPE = YES_ERROR;
				GCC_WARN_UNDECLARED_SELECTOR = YES;
				GCC_WARN_UNINITIALIZED_AUTOS = YES_AGGRESSIVE;
				GCC_WARN_UNUSED_FUNCTION = YES;
				GCC_WARN_UNUSED_VARIABLE = YES;
				IPHONEOS_DEPLOYMENT_TARGET = 14.1;
				MTL_ENABLE_DEBUG_INFO = INCLUDE_SOURCE;
				MTL_FAST_MATH = YES;
				ONLY_ACTIVE_ARCH = YES;
				SDKROOT = iphoneos;
				SWIFT_ACTIVE_COMPILATION_CONDITIONS = DEBUG;
				SWIFT_OPTIMIZATION_LEVEL = "-Onone";
			};
			name = Debug;
		};
		9CB77FFF26A2905B00B1A602 /* Release */ = {
			isa = XCBuildConfiguration;
			buildSettings = {
				ALWAYS_SEARCH_USER_PATHS = NO;
				CLANG_ANALYZER_NONNULL = YES;
				CLANG_ANALYZER_NUMBER_OBJECT_CONVERSION = YES_AGGRESSIVE;
				CLANG_CXX_LANGUAGE_STANDARD = "gnu++14";
				CLANG_CXX_LIBRARY = "libc++";
				CLANG_ENABLE_MODULES = YES;
				CLANG_ENABLE_OBJC_ARC = YES;
				CLANG_ENABLE_OBJC_WEAK = YES;
				CLANG_WARN_BLOCK_CAPTURE_AUTORELEASING = YES;
				CLANG_WARN_BOOL_CONVERSION = YES;
				CLANG_WARN_COMMA = YES;
				CLANG_WARN_CONSTANT_CONVERSION = YES;
				CLANG_WARN_DEPRECATED_OBJC_IMPLEMENTATIONS = YES;
				CLANG_WARN_DIRECT_OBJC_ISA_USAGE = YES_ERROR;
				CLANG_WARN_DOCUMENTATION_COMMENTS = YES;
				CLANG_WARN_EMPTY_BODY = YES;
				CLANG_WARN_ENUM_CONVERSION = YES;
				CLANG_WARN_INFINITE_RECURSION = YES;
				CLANG_WARN_INT_CONVERSION = YES;
				CLANG_WARN_NON_LITERAL_NULL_CONVERSION = YES;
				CLANG_WARN_OBJC_IMPLICIT_RETAIN_SELF = YES;
				CLANG_WARN_OBJC_LITERAL_CONVERSION = YES;
				CLANG_WARN_OBJC_ROOT_CLASS = YES_ERROR;
				CLANG_WARN_QUOTED_INCLUDE_IN_FRAMEWORK_HEADER = YES;
				CLANG_WARN_RANGE_LOOP_ANALYSIS = YES;
				CLANG_WARN_STRICT_PROTOTYPES = YES;
				CLANG_WARN_SUSPICIOUS_MOVE = YES;
				CLANG_WARN_UNGUARDED_AVAILABILITY = YES_AGGRESSIVE;
				CLANG_WARN_UNREACHABLE_CODE = YES;
				CLANG_WARN__DUPLICATE_METHOD_MATCH = YES;
				COPY_PHASE_STRIP = NO;
				DEBUG_INFORMATION_FORMAT = "dwarf-with-dsym";
				ENABLE_NS_ASSERTIONS = NO;
				ENABLE_STRICT_OBJC_MSGSEND = YES;
				GCC_C_LANGUAGE_STANDARD = gnu11;
				GCC_NO_COMMON_BLOCKS = YES;
				GCC_WARN_64_TO_32_BIT_CONVERSION = YES;
				GCC_WARN_ABOUT_RETURN_TYPE = YES_ERROR;
				GCC_WARN_UNDECLARED_SELECTOR = YES;
				GCC_WARN_UNINITIALIZED_AUTOS = YES_AGGRESSIVE;
				GCC_WARN_UNUSED_FUNCTION = YES;
				GCC_WARN_UNUSED_VARIABLE = YES;
				IPHONEOS_DEPLOYMENT_TARGET = 14.1;
				MTL_ENABLE_DEBUG_INFO = NO;
				MTL_FAST_MATH = YES;
				SDKROOT = iphoneos;
				SWIFT_COMPILATION_MODE = wholemodule;
				SWIFT_OPTIMIZATION_LEVEL = "-O";
				VALIDATE_PRODUCT = YES;
			};
			name = Release;
		};
		9CB7800126A2905B00B1A602 /* Debug */ = {
			isa = XCBuildConfiguration;
			baseConfigurationReference = 0ACE0F58EC520B1393FB79C3 /* Pods-CodeTestWeather.debug.xcconfig */;
			buildSettings = {
				ASSETCATALOG_COMPILER_APPICON_NAME = AppIcon;
				ASSETCATALOG_COMPILER_GLOBAL_ACCENT_COLOR_NAME = AccentColor;
				CODE_SIGN_STYLE = Automatic;
				CURRENT_PROJECT_VERSION = 1;
				DEVELOPMENT_TEAM = 65H49T52ZR;
				GENERATE_INFOPLIST_FILE = YES;
				INFOPLIST_FILE = CodeTestWeather/Info.plist;
				INFOPLIST_KEY_CFBundleExecutable = CodeTestWeather;
				INFOPLIST_KEY_CFBundleName = CodeTestWeather;
				INFOPLIST_KEY_CFBundleVersion = 1;
				INFOPLIST_KEY_UIApplicationSupportsIndirectInputEvents = YES;
				INFOPLIST_KEY_UILaunchStoryboardName = LaunchScreen;
				INFOPLIST_KEY_UIMainStoryboardFile = Main;
				INFOPLIST_KEY_UISupportedInterfaceOrientations_iPad = "UIInterfaceOrientationPortrait UIInterfaceOrientationPortraitUpsideDown UIInterfaceOrientationLandscapeLeft UIInterfaceOrientationLandscapeRight";
				INFOPLIST_KEY_UISupportedInterfaceOrientations_iPhone = "UIInterfaceOrientationPortrait UIInterfaceOrientationLandscapeLeft UIInterfaceOrientationLandscapeRight";
				LD_RUNPATH_SEARCH_PATHS = (
					"$(inherited)",
					"@executable_path/Frameworks",
				);
				MARKETING_VERSION = 1.0;
				PRODUCT_BUNDLE_IDENTIFIER = com.code.test.weather.CodeTestWeather;
				PRODUCT_NAME = "$(TARGET_NAME)";
				SWIFT_EMIT_LOC_STRINGS = YES;
				SWIFT_VERSION = 5.0;
				TARGETED_DEVICE_FAMILY = "1,2";
			};
			name = Debug;
		};
		9CB7800226A2905B00B1A602 /* Release */ = {
			isa = XCBuildConfiguration;
			baseConfigurationReference = 19F1455F0B749F35B1405916 /* Pods-CodeTestWeather.release.xcconfig */;
			buildSettings = {
				ASSETCATALOG_COMPILER_APPICON_NAME = AppIcon;
				ASSETCATALOG_COMPILER_GLOBAL_ACCENT_COLOR_NAME = AccentColor;
				CODE_SIGN_STYLE = Automatic;
				CURRENT_PROJECT_VERSION = 1;
				DEVELOPMENT_TEAM = 65H49T52ZR;
				GENERATE_INFOPLIST_FILE = YES;
				INFOPLIST_FILE = CodeTestWeather/Info.plist;
				INFOPLIST_KEY_CFBundleExecutable = CodeTestWeather;
				INFOPLIST_KEY_CFBundleName = CodeTestWeather;
				INFOPLIST_KEY_CFBundleVersion = 1;
				INFOPLIST_KEY_UIApplicationSupportsIndirectInputEvents = YES;
				INFOPLIST_KEY_UILaunchStoryboardName = LaunchScreen;
				INFOPLIST_KEY_UIMainStoryboardFile = Main;
				INFOPLIST_KEY_UISupportedInterfaceOrientations_iPad = "UIInterfaceOrientationPortrait UIInterfaceOrientationPortraitUpsideDown UIInterfaceOrientationLandscapeLeft UIInterfaceOrientationLandscapeRight";
				INFOPLIST_KEY_UISupportedInterfaceOrientations_iPhone = "UIInterfaceOrientationPortrait UIInterfaceOrientationLandscapeLeft UIInterfaceOrientationLandscapeRight";
				LD_RUNPATH_SEARCH_PATHS = (
					"$(inherited)",
					"@executable_path/Frameworks",
				);
				MARKETING_VERSION = 1.0;
				PRODUCT_BUNDLE_IDENTIFIER = com.code.test.weather.CodeTestWeather;
				PRODUCT_NAME = "$(TARGET_NAME)";
				SWIFT_EMIT_LOC_STRINGS = YES;
				SWIFT_VERSION = 5.0;
				TARGETED_DEVICE_FAMILY = "1,2";
			};
			name = Release;
		};
		9CB7800426A2905B00B1A602 /* Debug */ = {
			isa = XCBuildConfiguration;
			baseConfigurationReference = FA867F6CA3DCBEF235DF1B62 /* Pods-CodeTestWeatherTests.debug.xcconfig */;
			buildSettings = {
				ALWAYS_EMBED_SWIFT_STANDARD_LIBRARIES = YES;
				BUNDLE_LOADER = "$(TEST_HOST)";
				CODE_SIGN_STYLE = Automatic;
				CURRENT_PROJECT_VERSION = 1;
				DEVELOPMENT_TEAM = 8923YRMM6C;
				GENERATE_INFOPLIST_FILE = YES;
				IPHONEOS_DEPLOYMENT_TARGET = 14.1;
				LD_RUNPATH_SEARCH_PATHS = (
					"$(inherited)",
					"@executable_path/Frameworks",
					"@loader_path/Frameworks",
				);
				MARKETING_VERSION = 1.0;
				PRODUCT_BUNDLE_IDENTIFIER = com.code.test.weather.CodeTestWeatherTests;
				PRODUCT_NAME = "$(TARGET_NAME)";
				SWIFT_EMIT_LOC_STRINGS = NO;
				SWIFT_VERSION = 5.0;
				TARGETED_DEVICE_FAMILY = "1,2";
				TEST_HOST = "$(BUILT_PRODUCTS_DIR)/CodeTestWeather.app/CodeTestWeather";
			};
			name = Debug;
		};
		9CB7800526A2905B00B1A602 /* Release */ = {
			isa = XCBuildConfiguration;
			baseConfigurationReference = 0D2EFFB2F3CF66B5B11AA946 /* Pods-CodeTestWeatherTests.release.xcconfig */;
			buildSettings = {
				ALWAYS_EMBED_SWIFT_STANDARD_LIBRARIES = YES;
				BUNDLE_LOADER = "$(TEST_HOST)";
				CODE_SIGN_STYLE = Automatic;
				CURRENT_PROJECT_VERSION = 1;
				DEVELOPMENT_TEAM = 8923YRMM6C;
				GENERATE_INFOPLIST_FILE = YES;
				IPHONEOS_DEPLOYMENT_TARGET = 14.1;
				LD_RUNPATH_SEARCH_PATHS = (
					"$(inherited)",
					"@executable_path/Frameworks",
					"@loader_path/Frameworks",
				);
				MARKETING_VERSION = 1.0;
				PRODUCT_BUNDLE_IDENTIFIER = com.code.test.weather.CodeTestWeatherTests;
				PRODUCT_NAME = "$(TARGET_NAME)";
				SWIFT_EMIT_LOC_STRINGS = NO;
				SWIFT_VERSION = 5.0;
				TARGETED_DEVICE_FAMILY = "1,2";
				TEST_HOST = "$(BUILT_PRODUCTS_DIR)/CodeTestWeather.app/CodeTestWeather";
			};
			name = Release;
		};
		9CB7800726A2905B00B1A602 /* Debug */ = {
			isa = XCBuildConfiguration;
			baseConfigurationReference = 8FE482950E9C101CD20C0555 /* Pods-CodeTestWeather-CodeTestWeatherUITests.debug.xcconfig */;
			buildSettings = {
				ALWAYS_EMBED_SWIFT_STANDARD_LIBRARIES = YES;
				CODE_SIGN_STYLE = Automatic;
				CURRENT_PROJECT_VERSION = 1;
				DEVELOPMENT_TEAM = 8923YRMM6C;
				GENERATE_INFOPLIST_FILE = YES;
				LD_RUNPATH_SEARCH_PATHS = (
					"$(inherited)",
					"@executable_path/Frameworks",
					"@loader_path/Frameworks",
				);
				MARKETING_VERSION = 1.0;
				PRODUCT_BUNDLE_IDENTIFIER = com.code.test.weather.CodeTestWeatherUITests;
				PRODUCT_NAME = "$(TARGET_NAME)";
				SWIFT_EMIT_LOC_STRINGS = NO;
				SWIFT_VERSION = 5.0;
				TARGETED_DEVICE_FAMILY = "1,2";
				TEST_TARGET_NAME = CodeTestWeather;
			};
			name = Debug;
		};
		9CB7800826A2905B00B1A602 /* Release */ = {
			isa = XCBuildConfiguration;
			baseConfigurationReference = 050AA45272F08A258D0A62C9 /* Pods-CodeTestWeather-CodeTestWeatherUITests.release.xcconfig */;
			buildSettings = {
				ALWAYS_EMBED_SWIFT_STANDARD_LIBRARIES = YES;
				CODE_SIGN_STYLE = Automatic;
				CURRENT_PROJECT_VERSION = 1;
				DEVELOPMENT_TEAM = 8923YRMM6C;
				GENERATE_INFOPLIST_FILE = YES;
				LD_RUNPATH_SEARCH_PATHS = (
					"$(inherited)",
					"@executable_path/Frameworks",
					"@loader_path/Frameworks",
				);
				MARKETING_VERSION = 1.0;
				PRODUCT_BUNDLE_IDENTIFIER = com.code.test.weather.CodeTestWeatherUITests;
				PRODUCT_NAME = "$(TARGET_NAME)";
				SWIFT_EMIT_LOC_STRINGS = NO;
				SWIFT_VERSION = 5.0;
				TARGETED_DEVICE_FAMILY = "1,2";
				TEST_TARGET_NAME = CodeTestWeather;
			};
			name = Release;
		};
/* End XCBuildConfiguration section */

/* Begin XCConfigurationList section */
		9CB77FD326A2905A00B1A602 /* Build configuration list for PBXProject "CodeTestWeather" */ = {
			isa = XCConfigurationList;
			buildConfigurations = (
				9CB77FFE26A2905B00B1A602 /* Debug */,
				9CB77FFF26A2905B00B1A602 /* Release */,
			);
			defaultConfigurationIsVisible = 0;
			defaultConfigurationName = Release;
		};
		9CB7800026A2905B00B1A602 /* Build configuration list for PBXNativeTarget "CodeTestWeather" */ = {
			isa = XCConfigurationList;
			buildConfigurations = (
				9CB7800126A2905B00B1A602 /* Debug */,
				9CB7800226A2905B00B1A602 /* Release */,
			);
			defaultConfigurationIsVisible = 0;
			defaultConfigurationName = Release;
		};
		9CB7800326A2905B00B1A602 /* Build configuration list for PBXNativeTarget "CodeTestWeatherTests" */ = {
			isa = XCConfigurationList;
			buildConfigurations = (
				9CB7800426A2905B00B1A602 /* Debug */,
				9CB7800526A2905B00B1A602 /* Release */,
			);
			defaultConfigurationIsVisible = 0;
			defaultConfigurationName = Release;
		};
		9CB7800626A2905B00B1A602 /* Build configuration list for PBXNativeTarget "CodeTestWeatherUITests" */ = {
			isa = XCConfigurationList;
			buildConfigurations = (
				9CB7800726A2905B00B1A602 /* Debug */,
				9CB7800826A2905B00B1A602 /* Release */,
			);
			defaultConfigurationIsVisible = 0;
			defaultConfigurationName = Release;
		};
/* End XCConfigurationList section */
	};
	rootObject = 9CB77FD026A2905A00B1A602 /* Project object */;
}
